Microsoft Visual Studio Solution File, Format Version 12.00
# Visual Studio Version 17
VisualStudioVersion = 17.5.2.0
MinimumVisualStudioVersion = 10.0.40219.1
Project("{FAE04EC0-301F-11D3-BF4B-00C04F79EFBC}") = "ChatAI", "ChatAI.csproj", "{27603F50-F132-9345-E5F4-61FB3098648E}"
EndProject
Project("{FAE04EC0-301F-11D3-BF4B-00C04F79EFBC}") = "ChatAI.Tests", "ChatAI.Tests\ChatAI.Tests.csproj", "{9DDF7E7A-0CC2-4BF9-AA85-FECBBA2C9C1B}"
EndProject
Global
	GlobalSection(SolutionConfigurationPlatforms) = preSolution
		Debug|Any CPU = Debug|Any CPU
		Release|Any CPU = Release|Any CPU
	EndGlobalSection
	GlobalSection(ProjectConfigurationPlatforms) = postSolution
		{27603F50-F132-9345-E5F4-61FB3098648E}.Debug|Any CPU.ActiveCfg = Debug|Any CPU
		{27603F50-F132-9345-E5F4-61FB3098648E}.Debug|Any CPU.Build.0 = Debug|Any CPU
		{27603F50-F132-9345-E5F4-61FB3098648E}.Release|Any CPU.ActiveCfg = Release|Any CPU
		{27603F50-F132-9345-E5F4-61FB3098648E}.Release|Any CPU.Build.0 = Release|Any CPU
		{9DDF7E7A-0CC2-4BF9-AA85-FECBBA2C9C1B}.Debug|Any CPU.ActiveCfg = Debug|Any CPU
		{9DDF7E7A-0CC2-4BF9-AA85-FECBBA2C9C1B}.Debug|Any CPU.Build.0 = Debug|Any CPU
		{9DDF7E7A-0CC2-4BF9-AA85-FECBBA2C9C1B}.Release|Any CPU.ActiveCfg = Release|Any CPU
		{9DDF7E7A-0CC2-4BF9-AA85-FECBBA2C9C1B}.Release|Any CPU.Build.0 = Release|Any CPU
	EndGlobalSection
	GlobalSection(SolutionProperties) = preSolution
		HideSolutionNode = FALSE
	EndGlobalSection
	GlobalSection(ExtensibilityGlobals) = postSolution
		SolutionGuid = {AB9EB4E6-3B1C-4396-8589-872E31BC839A}
	EndGlobalSection
EndGlobal
